{
  "name": "activity-log",
  "version": "0.1.0",
  "lockfileVersion": 3,
  "requires": true,
  "packages": {
    "": {
      "version": "0.1.0",
      "devDependencies": {
        "eslint": "^9.6.0",
        "eslint-config-prettier": "^9.1.0",
        "globals": "^15.6.0",
        "vitest": "^1.6.0"
      }
    }
  }
}
